// !$*UTF8*$!
{
	archiveVersion = 1;
	classes = {
	};
	objectVersion = 46;
	objects = {

/* Begin PBXBuildFile section */
		FB7629AB1722BB3700CD123D /* QuartzCore.framework in Frameworks */ = {isa = PBXBuildFile; fileRef = FB7629AA1722BB3700CD123D /* QuartzCore.framework */; };
		FB8CE5C117234BE7002CD07E /* MediaPlayer.framework in Frameworks */ = {isa = PBXBuildFile; fileRef = FB8CE5C017234BE7002CD07E /* MediaPlayer.framework */; };
		FBBB38731722DC8D009C66D3 /* ISSInfo.m in Sources */ = {isa = PBXBuildFile; fileRef = FBBB38721722DC8D009C66D3 /* ISSInfo.m */; };
		FBBE575D1723D0EE00A581C8 /* spacestation_icon@2x.png in Resources */ = {isa = PBXBuildFile; fileRef = FBBE575C1723D0EE00A581C8 /* spacestation_icon@2x.png */; };
		FBBE575F1723D29C00A581C8 /* spacestation_icon.png in Resources */ = {isa = PBXBuildFile; fileRef = FBBE575E1723D29C00A581C8 /* spacestation_icon.png */; };
		FBC7CB19172405AC00B8620E /* bg.png in Resources */ = {isa = PBXBuildFile; fileRef = FBC7CB18172405AC00B8620E /* bg.png */; };
		FBC7CB1B172405E100B8620E /* livestream.png in Resources */ = {isa = PBXBuildFile; fileRef = FBC7CB1A172405E100B8620E /* livestream.png */; };
		FBFA983217229DE40055EADA /* UIKit.framework in Frameworks */ = {isa = PBXBuildFile; fileRef = FBFA983117229DE40055EADA /* UIKit.framework */; };
		FBFA983417229DE40055EADA /* Foundation.framework in Frameworks */ = {isa = PBXBuildFile; fileRef = FBFA983317229DE40055EADA /* Foundation.framework */; };
		FBFA983617229DE40055EADA /* CoreGraphics.framework in Frameworks */ = {isa = PBXBuildFile; fileRef = FBFA983517229DE40055EADA /* CoreGraphics.framework */; };
		FBFA983C17229DE40055EADA /* InfoPlist.strings in Resources */ = {isa = PBXBuildFile; fileRef = FBFA983A17229DE40055EADA /* InfoPlist.strings */; };
		FBFA983E17229DE40055EADA /* main.m in Sources */ = {isa = PBXBuildFile; fileRef = FBFA983D17229DE40055EADA /* main.m */; };
		FBFA984217229DE40055EADA /* AppDelegate.m in Sources */ = {isa = PBXBuildFile; fileRef = FBFA984117229DE40055EADA /* AppDelegate.m */; };
		FBFA984417229DE40055EADA /* Default.png in Resources */ = {isa = PBXBuildFile; fileRef = FBFA984317229DE40055EADA /* Default.png */; };
		FBFA984617229DE40055EADA /* Default@2x.png in Resources */ = {isa = PBXBuildFile; fileRef = FBFA984517229DE40055EADA /* Default@2x.png */; };
		FBFA984817229DE40055EADA /* Default-568h@2x.png in Resources */ = {isa = PBXBuildFile; fileRef = FBFA984717229DE40055EADA /* Default-568h@2x.png */; };
		FBFA985117229DF40055EADA /* MainViewController.m in Sources */ = {isa = PBXBuildFile; fileRef = FBFA984F17229DF40055EADA /* MainViewController.m */; };
		FBFA985217229DF40055EADA /* MainViewController.xib in Resources */ = {isa = PBXBuildFile; fileRef = FBFA985017229DF40055EADA /* MainViewController.xib */; };
		FBFA986917229E090055EADA /* NSAlert+MKNetworkKitAdditions.m in Sources */ = {isa = PBXBuildFile; fileRef = FBFA985617229E090055EADA /* NSAlert+MKNetworkKitAdditions.m */; };
		FBFA986A17229E090055EADA /* NSData+Base64.m in Sources */ = {isa = PBXBuildFile; fileRef = FBFA985817229E090055EADA /* NSData+Base64.m */; };
		FBFA986B17229E090055EADA /* NSDate+RFC1123.m in Sources */ = {isa = PBXBuildFile; fileRef = FBFA985A17229E090055EADA /* NSDate+RFC1123.m */; };
		FBFA986C17229E090055EADA /* NSDictionary+RequestEncoding.m in Sources */ = {isa = PBXBuildFile; fileRef = FBFA985C17229E090055EADA /* NSDictionary+RequestEncoding.m */; };
		FBFA986D17229E090055EADA /* NSString+MKNetworkKitAdditions.m in Sources */ = {isa = PBXBuildFile; fileRef = FBFA985E17229E090055EADA /* NSString+MKNetworkKitAdditions.m */; };
		FBFA986E17229E090055EADA /* UIAlertView+MKNetworkKitAdditions.m in Sources */ = {isa = PBXBuildFile; fileRef = FBFA986017229E090055EADA /* UIAlertView+MKNetworkKitAdditions.m */; };
		FBFA986F17229E090055EADA /* MKNetworkEngine.m in Sources */ = {isa = PBXBuildFile; fileRef = FBFA986217229E090055EADA /* MKNetworkEngine.m */; };
		FBFA987017229E090055EADA /* MKNetworkOperation.m in Sources */ = {isa = PBXBuildFile; fileRef = FBFA986517229E090055EADA /* MKNetworkOperation.m */; };
		FBFA987117229E090055EADA /* Reachability.m in Sources */ = {isa = PBXBuildFile; fileRef = FBFA986817229E090055EADA /* Reachability.m */; };
		FBFA987417229E240055EADA /* API.m in Sources */ = {isa = PBXBuildFile; fileRef = FBFA987317229E240055EADA /* API.m */; };
		FBFA98791722A65D0055EADA /* Iss_positionEntity.m in Sources */ = {isa = PBXBuildFile; fileRef = FBFA98761722A65D0055EADA /* Iss_positionEntity.m */; };
		FBFA987A1722A65D0055EADA /* ISSNow.m in Sources */ = {isa = PBXBuildFile; fileRef = FBFA98781722A65D0055EADA /* ISSNow.m */; };
		FBFA987E1722A8630055EADA /* Security.framework in Frameworks */ = {isa = PBXBuildFile; fileRef = FBFA987C1722A8630055EADA /* Security.framework */; };
		FBFA987F1722A8630055EADA /* SystemConfiguration.framework in Frameworks */ = {isa = PBXBuildFile; fileRef = FBFA987D1722A8630055EADA /* SystemConfiguration.framework */; };
		FBFA98811722AB7D0055EADA /* MapKit.framework in Frameworks */ = {isa = PBXBuildFile; fileRef = FBFA98801722AB7D0055EADA /* MapKit.framework */; };
		FBFA98831722AC930055EADA /* CoreLocation.framework in Frameworks */ = {isa = PBXBuildFile; fileRef = FBFA98821722AC930055EADA /* CoreLocation.framework */; };
/* End PBXBuildFile section */

/* Begin PBXFileReference section */
		FB7629AA1722BB3700CD123D /* QuartzCore.framework */ = {isa = PBXFileReference; lastKnownFileType = wrapper.framework; name = QuartzCore.framework; path = System/Library/Frameworks/QuartzCore.framework; sourceTree = SDKROOT; };
		FB8CE5C017234BE7002CD07E /* MediaPlayer.framework */ = {isa = PBXFileReference; lastKnownFileType = wrapper.framework; name = MediaPlayer.framework; path = System/Library/Frameworks/MediaPlayer.framework; sourceTree = SDKROOT; };
		FBBB38711722DC8D009C66D3 /* ISSInfo.h */ = {isa = PBXFileReference; fileEncoding = 4; lastKnownFileType = sourcecode.c.h; path = ISSInfo.h; sourceTree = "<group>"; };
		FBBB38721722DC8D009C66D3 /* ISSInfo.m */ = {isa = PBXFileReference; fileEncoding = 4; lastKnownFileType = sourcecode.c.objc; path = ISSInfo.m; sourceTree = "<group>"; };
		FBBE575C1723D0EE00A581C8 /* spacestation_icon@2x.png */ = {isa = PBXFileReference; lastKnownFileType = image.png; path = "spacestation_icon@2x.png"; sourceTree = "<group>"; };
		FBBE575E1723D29C00A581C8 /* spacestation_icon.png */ = {isa = PBXFileReference; lastKnownFileType = image.png; path = spacestation_icon.png; sourceTree = "<group>"; };
		FBC7CB18172405AC00B8620E /* bg.png */ = {isa = PBXFileReference; lastKnownFileType = image.png; path = bg.png; sourceTree = "<group>"; };
		FBC7CB1A172405E100B8620E /* livestream.png */ = {isa = PBXFileReference; lastKnownFileType = image.png; path = livestream.png; sourceTree = "<group>"; };
		FBFA982E17229DE40055EADA /* ISS App.app */ = {isa = PBXFileReference; explicitFileType = wrapper.application; includeInIndex = 0; path = "ISS App.app"; sourceTree = BUILT_PRODUCTS_DIR; };
		FBFA983117229DE40055EADA /* UIKit.framework */ = {isa = PBXFileReference; lastKnownFileType = wrapper.framework; name = UIKit.framework; path = System/Library/Frameworks/UIKit.framework; sourceTree = SDKROOT; };
		FBFA983317229DE40055EADA /* Foundation.framework */ = {isa = PBXFileReference; lastKnownFileType = wrapper.framework; name = Foundation.framework; path = System/Library/Frameworks/Foundation.framework; sourceTree = SDKROOT; };
		FBFA983517229DE40055EADA /* CoreGraphics.framework */ = {isa = PBXFileReference; lastKnownFileType = wrapper.framework; name = CoreGraphics.framework; path = System/Library/Frameworks/CoreGraphics.framework; sourceTree = SDKROOT; };
		FBFA983917229DE40055EADA /* ISS App-Info.plist */ = {isa = PBXFileReference; lastKnownFileType = text.plist.xml; path = "ISS App-Info.plist"; sourceTree = "<group>"; };
		FBFA983B17229DE40055EADA /* en */ = {isa = PBXFileReference; lastKnownFileType = text.plist.strings; name = en; path = en.lproj/InfoPlist.strings; sourceTree = "<group>"; };
		FBFA983D17229DE40055EADA /* main.m */ = {isa = PBXFileReference; lastKnownFileType = sourcecode.c.objc; path = main.m; sourceTree = "<group>"; };
		FBFA983F17229DE40055EADA /* ISS App-Prefix.pch */ = {isa = PBXFileReference; lastKnownFileType = sourcecode.c.h; path = "ISS App-Prefix.pch"; sourceTree = "<group>"; };
		FBFA984017229DE40055EADA /* AppDelegate.h */ = {isa = PBXFileReference; lastKnownFileType = sourcecode.c.h; path = AppDelegate.h; sourceTree = "<group>"; };
		FBFA984117229DE40055EADA /* AppDelegate.m */ = {isa = PBXFileReference; lastKnownFileType = sourcecode.c.objc; path = AppDelegate.m; sourceTree = "<group>"; };
		FBFA984317229DE40055EADA /* Default.png */ = {isa = PBXFileReference; lastKnownFileType = image.png; path = Default.png; sourceTree = "<group>"; };
		FBFA984517229DE40055EADA /* Default@2x.png */ = {isa = PBXFileReference; lastKnownFileType = image.png; path = "Default@2x.png"; sourceTree = "<group>"; };
		FBFA984717229DE40055EADA /* Default-568h@2x.png */ = {isa = PBXFileReference; lastKnownFileType = image.png; path = "Default-568h@2x.png"; sourceTree = "<group>"; };
		FBFA984E17229DF40055EADA /* MainViewController.h */ = {isa = PBXFileReference; fileEncoding = 4; lastKnownFileType = sourcecode.c.h; path = MainViewController.h; sourceTree = "<group>"; };
		FBFA984F17229DF40055EADA /* MainViewController.m */ = {isa = PBXFileReference; fileEncoding = 4; lastKnownFileType = sourcecode.c.objc; path = MainViewController.m; sourceTree = "<group>"; };
		FBFA985017229DF40055EADA /* MainViewController.xib */ = {isa = PBXFileReference; fileEncoding = 4; lastKnownFileType = file.xib; path = MainViewController.xib; sourceTree = "<group>"; };
		FBFA985517229E090055EADA /* NSAlert+MKNetworkKitAdditions.h */ = {isa = PBXFileReference; fileEncoding = 4; lastKnownFileType = sourcecode.c.h; path = "NSAlert+MKNetworkKitAdditions.h"; sourceTree = "<group>"; };
		FBFA985617229E090055EADA /* NSAlert+MKNetworkKitAdditions.m */ = {isa = PBXFileReference; fileEncoding = 4; lastKnownFileType = sourcecode.c.objc; path = "NSAlert+MKNetworkKitAdditions.m"; sourceTree = "<group>"; };
		FBFA985717229E090055EADA /* NSData+Base64.h */ = {isa = PBXFileReference; fileEncoding = 4; lastKnownFileType = sourcecode.c.h; path = "NSData+Base64.h"; sourceTree = "<group>"; };
		FBFA985817229E090055EADA /* NSData+Base64.m */ = {isa = PBXFileReference; fileEncoding = 4; lastKnownFileType = sourcecode.c.objc; path = "NSData+Base64.m"; sourceTree = "<group>"; };
		FBFA985917229E090055EADA /* NSDate+RFC1123.h */ = {isa = PBXFileReference; fileEncoding = 4; lastKnownFileType = sourcecode.c.h; path = "NSDate+RFC1123.h"; sourceTree = "<group>"; };
		FBFA985A17229E090055EADA /* NSDate+RFC1123.m */ = {isa = PBXFileReference; fileEncoding = 4; lastKnownFileType = sourcecode.c.objc; path = "NSDate+RFC1123.m"; sourceTree = "<group>"; };
		FBFA985B17229E090055EADA /* NSDictionary+RequestEncoding.h */ = {isa = PBXFileReference; fileEncoding = 4; lastKnownFileType = sourcecode.c.h; path = "NSDictionary+RequestEncoding.h"; sourceTree = "<group>"; };
		FBFA985C17229E090055EADA /* NSDictionary+RequestEncoding.m */ = {isa = PBXFileReference; fileEncoding = 4; lastKnownFileType = sourcecode.c.objc; path = "NSDictionary+RequestEncoding.m"; sourceTree = "<group>"; };
		FBFA985D17229E090055EADA /* NSString+MKNetworkKitAdditions.h */ = {isa = PBXFileReference; fileEncoding = 4; lastKnownFileType = sourcecode.c.h; path = "NSString+MKNetworkKitAdditions.h"; sourceTree = "<group>"; };
		FBFA985E17229E090055EADA /* NSString+MKNetworkKitAdditions.m */ = {isa = PBXFileReference; fileEncoding = 4; lastKnownFileType = sourcecode.c.objc; path = "NSString+MKNetworkKitAdditions.m"; sourceTree = "<group>"; };
		FBFA985F17229E090055EADA /* UIAlertView+MKNetworkKitAdditions.h */ = {isa = PBXFileReference; fileEncoding = 4; lastKnownFileType = sourcecode.c.h; path = "UIAlertView+MKNetworkKitAdditions.h"; sourceTree = "<group>"; };
		FBFA986017229E090055EADA /* UIAlertView+MKNetworkKitAdditions.m */ = {isa = PBXFileReference; fileEncoding = 4; lastKnownFileType = sourcecode.c.objc; path = "UIAlertView+MKNetworkKitAdditions.m"; sourceTree = "<group>"; };
		FBFA986117229E090055EADA /* MKNetworkEngine.h */ = {isa = PBXFileReference; fileEncoding = 4; lastKnownFileType = sourcecode.c.h; path = MKNetworkEngine.h; sourceTree = "<group>"; };
		FBFA986217229E090055EADA /* MKNetworkEngine.m */ = {isa = PBXFileReference; fileEncoding = 4; lastKnownFileType = sourcecode.c.objc; path = MKNetworkEngine.m; sourceTree = "<group>"; };
		FBFA986317229E090055EADA /* MKNetworkKit.h */ = {isa = PBXFileReference; fileEncoding = 4; lastKnownFileType = sourcecode.c.h; path = MKNetworkKit.h; sourceTree = "<group>"; };
		FBFA986417229E090055EADA /* MKNetworkOperation.h */ = {isa = PBXFileReference; fileEncoding = 4; lastKnownFileType = sourcecode.c.h; path = MKNetworkOperation.h; sourceTree = "<group>"; };
		FBFA986517229E090055EADA /* MKNetworkOperation.m */ = {isa = PBXFileReference; fileEncoding = 4; lastKnownFileType = sourcecode.c.objc; path = MKNetworkOperation.m; sourceTree = "<group>"; };
		FBFA986717229E090055EADA /* Reachability.h */ = {isa = PBXFileReference; fileEncoding = 4; lastKnownFileType = sourcecode.c.h; path = Reachability.h; sourceTree = "<group>"; };
		FBFA986817229E090055EADA /* Reachability.m */ = {isa = PBXFileReference; fileEncoding = 4; lastKnownFileType = sourcecode.c.objc; path = Reachability.m; sourceTree = "<group>"; };
		FBFA987217229E240055EADA /* API.h */ = {isa = PBXFileReference; fileEncoding = 4; lastKnownFileType = sourcecode.c.h; path = API.h; sourceTree = "<group>"; };
		FBFA987317229E240055EADA /* API.m */ = {isa = PBXFileReference; fileEncoding = 4; lastKnownFileType = sourcecode.c.objc; path = API.m; sourceTree = "<group>"; };
		FBFA98751722A65D0055EADA /* Iss_positionEntity.h */ = {isa = PBXFileReference; fileEncoding = 4; lastKnownFileType = sourcecode.c.h; path = Iss_positionEntity.h; sourceTree = "<group>"; };
		FBFA98761722A65D0055EADA /* Iss_positionEntity.m */ = {isa = PBXFileReference; fileEncoding = 4; lastKnownFileType = sourcecode.c.objc; path = Iss_positionEntity.m; sourceTree = "<group>"; };
		FBFA98771722A65D0055EADA /* ISSNow.h */ = {isa = PBXFileReference; fileEncoding = 4; lastKnownFileType = sourcecode.c.h; path = ISSNow.h; sourceTree = "<group>"; };
		FBFA98781722A65D0055EADA /* ISSNow.m */ = {isa = PBXFileReference; fileEncoding = 4; lastKnownFileType = sourcecode.c.objc; path = ISSNow.m; sourceTree = "<group>"; };
		FBFA987C1722A8630055EADA /* Security.framework */ = {isa = PBXFileReference; lastKnownFileType = wrapper.framework; name = Security.framework; path = System/Library/Frameworks/Security.framework; sourceTree = SDKROOT; };
		FBFA987D1722A8630055EADA /* SystemConfiguration.framework */ = {isa = PBXFileReference; lastKnownFileType = wrapper.framework; name = SystemConfiguration.framework; path = System/Library/Frameworks/SystemConfiguration.framework; sourceTree = SDKROOT; };
		FBFA98801722AB7D0055EADA /* MapKit.framework */ = {isa = PBXFileReference; lastKnownFileType = wrapper.framework; name = MapKit.framework; path = System/Library/Frameworks/MapKit.framework; sourceTree = SDKROOT; };
		FBFA98821722AC930055EADA /* CoreLocation.framework */ = {isa = PBXFileReference; lastKnownFileType = wrapper.framework; name = CoreLocation.framework; path = System/Library/Frameworks/CoreLocation.framework; sourceTree = SDKROOT; };
/* End PBXFileReference section */

/* Begin PBXFrameworksBuildPhase section */
		FBFA982B17229DE40055EADA /* Frameworks */ = {
			isa = PBXFrameworksBuildPhase;
			buildActionMask = 2147483647;
			files = (
				FB8CE5C117234BE7002CD07E /* MediaPlayer.framework in Frameworks */,
				FB7629AB1722BB3700CD123D /* QuartzCore.framework in Frameworks */,
				FBFA98831722AC930055EADA /* CoreLocation.framework in Frameworks */,
				FBFA98811722AB7D0055EADA /* MapKit.framework in Frameworks */,
				FBFA987E1722A8630055EADA /* Security.framework in Frameworks */,
				FBFA987F1722A8630055EADA /* SystemConfiguration.framework in Frameworks */,
				FBFA983217229DE40055EADA /* UIKit.framework in Frameworks */,
				FBFA983417229DE40055EADA /* Foundation.framework in Frameworks */,
				FBFA983617229DE40055EADA /* CoreGraphics.framework in Frameworks */,
			);
			runOnlyForDeploymentPostprocessing = 0;
		};
/* End PBXFrameworksBuildPhase section */

/* Begin PBXGroup section */
		FBFA982517229DE40055EADA = {
			isa = PBXGroup;
			children = (
				FB8CE5C017234BE7002CD07E /* MediaPlayer.framework */,
				FBFA983717229DE40055EADA /* ISS App */,
				FBFA983017229DE40055EADA /* Frameworks */,
				FBFA982F17229DE40055EADA /* Products */,
			);
			sourceTree = "<group>";
		};
		FBFA982F17229DE40055EADA /* Products */ = {
			isa = PBXGroup;
			children = (
				FBFA982E17229DE40055EADA /* ISS App.app */,
			);
			name = Products;
			sourceTree = "<group>";
		};
		FBFA983017229DE40055EADA /* Frameworks */ = {
			isa = PBXGroup;
			children = (
				FB7629AA1722BB3700CD123D /* QuartzCore.framework */,
				FBFA98821722AC930055EADA /* CoreLocation.framework */,
				FBFA98801722AB7D0055EADA /* MapKit.framework */,
				FBFA987C1722A8630055EADA /* Security.framework */,
				FBFA987D1722A8630055EADA /* SystemConfiguration.framework */,
				FBFA983117229DE40055EADA /* UIKit.framework */,
				FBFA983317229DE40055EADA /* Foundation.framework */,
				FBFA983517229DE40055EADA /* CoreGraphics.framework */,
			);
			name = Frameworks;
			sourceTree = "<group>";
		};
		FBFA983717229DE40055EADA /* ISS App */ = {
			isa = PBXGroup;
			children = (
				FBFA984017229DE40055EADA /* AppDelegate.h */,
				FBFA984117229DE40055EADA /* AppDelegate.m */,
				FBFA984E17229DF40055EADA /* MainViewController.h */,
				FBFA984F17229DF40055EADA /* MainViewController.m */,
				FBFA985017229DF40055EADA /* MainViewController.xib */,
				FBFA983817229DE40055EADA /* Supporting Files */,
			);
			path = "ISS App";
			sourceTree = "<group>";
		};
		FBFA983817229DE40055EADA /* Supporting Files */ = {
			isa = PBXGroup;
			children = (
				FBC7CB1A172405E100B8620E /* livestream.png */,
				FBC7CB18172405AC00B8620E /* bg.png */,
				FBBE575E1723D29C00A581C8 /* spacestation_icon.png */,
				FBBE575C1723D0EE00A581C8 /* spacestation_icon@2x.png */,
				FBBB38711722DC8D009C66D3 /* ISSInfo.h */,
				FBBB38721722DC8D009C66D3 /* ISSInfo.m */,
				FBFA987B1722A6650055EADA /* ISSNow */,
				FBFA985317229E090055EADA /* MKNetworkKit */,
				FBFA983917229DE40055EADA /* ISS App-Info.plist */,
				FBFA983A17229DE40055EADA /* InfoPlist.strings */,
				FBFA983D17229DE40055EADA /* main.m */,
				FBFA983F17229DE40055EADA /* ISS App-Prefix.pch */,
				FBFA984317229DE40055EADA /* Default.png */,
				FBFA984517229DE40055EADA /* Default@2x.png */,
				FBFA984717229DE40055EADA /* Default-568h@2x.png */,
				FBFA987217229E240055EADA /* API.h */,
				FBFA987317229E240055EADA /* API.m */,
			);
			name = "Supporting Files";
			sourceTree = "<group>";
		};
		FBFA985317229E090055EADA /* MKNetworkKit */ = {
			isa = PBXGroup;
			children = (
				FBFA985417229E090055EADA /* Categories */,
				FBFA986117229E090055EADA /* MKNetworkEngine.h */,
				FBFA986217229E090055EADA /* MKNetworkEngine.m */,
				FBFA986317229E090055EADA /* MKNetworkKit.h */,
				FBFA986417229E090055EADA /* MKNetworkOperation.h */,
				FBFA986517229E090055EADA /* MKNetworkOperation.m */,
				FBFA986617229E090055EADA /* Reachability */,
			);
			path = MKNetworkKit;
			sourceTree = "<group>";
		};
		FBFA985417229E090055EADA /* Categories */ = {
			isa = PBXGroup;
			children = (
				FBFA985517229E090055EADA /* NSAlert+MKNetworkKitAdditions.h */,
				FBFA985617229E090055EADA /* NSAlert+MKNetworkKitAdditions.m */,
				FBFA985717229E090055EADA /* NSData+Base64.h */,
				FBFA985817229E090055EADA /* NSData+Base64.m */,
				FBFA985917229E090055EADA /* NSDate+RFC1123.h */,
				FBFA985A17229E090055EADA /* NSDate+RFC1123.m */,
				FBFA985B17229E090055EADA /* NSDictionary+RequestEncoding.h */,
				FBFA985C17229E090055EADA /* NSDictionary+RequestEncoding.m */,
				FBFA985D17229E090055EADA /* NSString+MKNetworkKitAdditions.h */,
				FBFA985E17229E090055EADA /* NSString+MKNetworkKitAdditions.m */,
				FBFA985F17229E090055EADA /* UIAlertView+MKNetworkKitAdditions.h */,
				FBFA986017229E090055EADA /* UIAlertView+MKNetworkKitAdditions.m */,
			);
			path = Categories;
			sourceTree = "<group>";
		};
		FBFA986617229E090055EADA /* Reachability */ = {
			isa = PBXGroup;
			children = (
				FBFA986717229E090055EADA /* Reachability.h */,
				FBFA986817229E090055EADA /* Reachability.m */,
			);
			path = Reachability;
			sourceTree = "<group>";
		};
		FBFA987B1722A6650055EADA /* ISSNow */ = {
			isa = PBXGroup;
			children = (
				FBFA98751722A65D0055EADA /* Iss_positionEntity.h */,
				FBFA98761722A65D0055EADA /* Iss_positionEntity.m */,
				FBFA98771722A65D0055EADA /* ISSNow.h */,
				FBFA98781722A65D0055EADA /* ISSNow.m */,
			);
			name = ISSNow;
			sourceTree = "<group>";
		};
/* End PBXGroup section */

/* Begin PBXNativeTarget section */
		FBFA982D17229DE40055EADA /* ISS App */ = {
			isa = PBXNativeTarget;
			buildConfigurationList = FBFA984B17229DE40055EADA /* Build configuration list for PBXNativeTarget "ISS App" */;
			buildPhases = (
				FBFA982A17229DE40055EADA /* Sources */,
				FBFA982B17229DE40055EADA /* Frameworks */,
				FBFA982C17229DE40055EADA /* Resources */,
			);
			buildRules = (
			);
			dependencies = (
			);
			name = "ISS App";
			productName = "ISS App";
			productReference = FBFA982E17229DE40055EADA /* ISS App.app */;
			productType = "com.apple.product-type.application";
		};
/* End PBXNativeTarget section */

/* Begin PBXProject section */
		FBFA982617229DE40055EADA /* Project object */ = {
			isa = PBXProject;
			attributes = {
				LastUpgradeCheck = 0460;
				ORGANIZATIONNAME = "Daan Lemmen";
			};
			buildConfigurationList = FBFA982917229DE40055EADA /* Build configuration list for PBXProject "ISS App" */;
			compatibilityVersion = "Xcode 3.2";
			developmentRegion = English;
			hasScannedForEncodings = 0;
			knownRegions = (
				en,
			);
			mainGroup = FBFA982517229DE40055EADA;
			productRefGroup = FBFA982F17229DE40055EADA /* Products */;
			projectDirPath = "";
			projectRoot = "";
			targets = (
				FBFA982D17229DE40055EADA /* ISS App */,
			);
		};
/* End PBXProject section */

/* Begin PBXResourcesBuildPhase section */
		FBFA982C17229DE40055EADA /* Resources */ = {
			isa = PBXResourcesBuildPhase;
			buildActionMask = 2147483647;
			files = (
				FBFA983C17229DE40055EADA /* InfoPlist.strings in Resources */,
				FBFA984417229DE40055EADA /* Default.png in Resources */,
				FBFA984617229DE40055EADA /* Default@2x.png in Resources */,
				FBFA984817229DE40055EADA /* Default-568h@2x.png in Resources */,
				FBFA985217229DF40055EADA /* MainViewController.xib in Resources */,
				FBBE575D1723D0EE00A581C8 /* spacestation_icon@2x.png in Resources */,
				FBBE575F1723D29C00A581C8 /* spacestation_icon.png in Resources */,
				FBC7CB19172405AC00B8620E /* bg.png in Resources */,
				FBC7CB1B172405E100B8620E /* livestream.png in Resources */,
			);
			runOnlyForDeploymentPostprocessing = 0;
		};
/* End PBXResourcesBuildPhase section */

/* Begin PBXSourcesBuildPhase section */
		FBFA982A17229DE40055EADA /* Sources */ = {
			isa = PBXSourcesBuildPhase;
			buildActionMask = 2147483647;
			files = (
				FBFA983E17229DE40055EADA /* main.m in Sources */,
				FBFA984217229DE40055EADA /* AppDelegate.m in Sources */,
				FBFA985117229DF40055EADA /* MainViewController.m in Sources */,
				FBFA986917229E090055EADA /* NSAlert+MKNetworkKitAdditions.m in Sources */,
				FBFA986A17229E090055EADA /* NSData+Base64.m in Sources */,
				FBFA986B17229E090055EADA /* NSDate+RFC1123.m in Sources */,
				FBFA986C17229E090055EADA /* NSDictionary+RequestEncoding.m in Sources */,
				FBFA986D17229E090055EADA /* NSString+MKNetworkKitAdditions.m in Sources */,
				FBFA986E17229E090055EADA /* UIAlertView+MKNetworkKitAdditions.m in Sources */,
				FBFA986F17229E090055EADA /* MKNetworkEngine.m in Sources */,
				FBFA987017229E090055EADA /* MKNetworkOperation.m in Sources */,
				FBFA987117229E090055EADA /* Reachability.m in Sources */,
				FBFA987417229E240055EADA /* API.m in Sources */,
				FBFA98791722A65D0055EADA /* Iss_positionEntity.m in Sources */,
				FBFA987A1722A65D0055EADA /* ISSNow.m in Sources */,
				FBBB38731722DC8D009C66D3 /* ISSInfo.m in Sources */,
			);
			runOnlyForDeploymentPostprocessing = 0;
		};
/* End PBXSourcesBuildPhase section */

/* Begin PBXVariantGroup section */
		FBFA983A17229DE40055EADA /* InfoPlist.strings */ = {
			isa = PBXVariantGroup;
			children = (
				FBFA983B17229DE40055EADA /* en */,
			);
			name = InfoPlist.strings;
			sourceTree = "<group>";
		};
/* End PBXVariantGroup section */

/* Begin XCBuildConfiguration section */
		FBFA984917229DE40055EADA /* Debug */ = {
			isa = XCBuildConfiguration;
			buildSettings = {
				ALWAYS_SEARCH_USER_PATHS = NO;
				CLANG_CXX_LANGUAGE_STANDARD = "gnu++0x";
				CLANG_CXX_LIBRARY = "libc++";
				CLANG_ENABLE_OBJC_ARC = YES;
				CLANG_WARN_CONSTANT_CONVERSION = YES;
				CLANG_WARN_EMPTY_BODY = YES;
				CLANG_WARN_ENUM_CONVERSION = YES;
				CLANG_WARN_INT_CONVERSION = YES;
				CLANG_WARN__DUPLICATE_METHOD_MATCH = YES;
				"CODE_SIGN_IDENTITY[sdk=iphoneos*]" = "iPhone Developer";
				COPY_PHASE_STRIP = NO;
				GCC_C_LANGUAGE_STANDARD = gnu99;
				GCC_DYNAMIC_NO_PIC = NO;
				GCC_OPTIMIZATION_LEVEL = 0;
				GCC_PREPROCESSOR_DEFINITIONS = (
					"DEBUG=1",
					"$(inherited)",
				);
				GCC_SYMBOLS_PRIVATE_EXTERN = NO;
				GCC_WARN_ABOUT_RETURN_TYPE = YES;
				GCC_WARN_UNINITIALIZED_AUTOS = YES;
				GCC_WARN_UNUSED_VARIABLE = YES;
				IPHONEOS_DEPLOYMENT_TARGET = 6.1;
				ONLY_ACTIVE_ARCH = YES;
				SDKROOT = iphoneos;
			};
			name = Debug;
		};
		FBFA984A17229DE40055EADA /* Release */ = {
			isa = XCBuildConfiguration;
			buildSettings = {
				ALWAYS_SEARCH_USER_PATHS = NO;
				CLANG_CXX_LANGUAGE_STANDARD = "gnu++0x";
				CLANG_CXX_LIBRARY = "libc++";
				CLANG_ENABLE_OBJC_ARC = YES;
				CLANG_WARN_CONSTANT_CONVERSION = YES;
				CLANG_WARN_EMPTY_BODY = YES;
				CLANG_WARN_ENUM_CONVERSION = YES;
				CLANG_WARN_INT_CONVERSION = YES;
				CLANG_WARN__DUPLICATE_METHOD_MATCH = YES;
				"CODE_SIGN_IDENTITY[sdk=iphoneos*]" = "iPhone Developer";
				COPY_PHASE_STRIP = YES;
				GCC_C_LANGUAGE_STANDARD = gnu99;
				GCC_WARN_ABOUT_RETURN_TYPE = YES;
				GCC_WARN_UNINITIALIZED_AUTOS = YES;
				GCC_WARN_UNUSED_VARIABLE = YES;
				IPHONEOS_DEPLOYMENT_TARGET = 6.1;
				OTHER_CFLAGS = "-DNS_BLOCK_ASSERTIONS=1";
				SDKROOT = iphoneos;
				VALIDATE_PRODUCT = YES;
			};
			name = Release;
		};
		FBFA984C17229DE40055EADA /* Debug */ = {
			isa = XCBuildConfiguration;
			buildSettings = {
				GCC_PRECOMPILE_PREFIX_HEADER = YES;
				GCC_PREFIX_HEADER = "ISS App/ISS App-Prefix.pch";
				INFOPLIST_FILE = "ISS App/ISS App-Info.plist";
				PRODUCT_NAME = "$(TARGET_NAME)";
				WRAPPER_EXTENSION = app;
			};
			name = Debug;
		};
		FBFA984D17229DE40055EADA /* Release */ = {
			isa = XCBuildConfiguration;
			buildSettings = {
				GCC_PRECOMPILE_PREFIX_HEADER = YES;
				GCC_PREFIX_HEADER = "ISS App/ISS App-Prefix.pch";
				INFOPLIST_FILE = "ISS App/ISS App-Info.plist";
				PRODUCT_NAME = "$(TARGET_NAME)";
				WRAPPER_EXTENSION = app;
			};
			name = Release;
		};
/* End XCBuildConfiguration section */

/* Begin XCConfigurationList section */
		FBFA982917229DE40055EADA /* Build configuration list for PBXProject "ISS App" */ = {
			isa = XCConfigurationList;
			buildConfigurations = (
				FBFA984917229DE40055EADA /* Debug */,
				FBFA984A17229DE40055EADA /* Release */,
			);
			defaultConfigurationIsVisible = 0;
			defaultConfigurationName = Release;
		};
		FBFA984B17229DE40055EADA /* Build configuration list for PBXNativeTarget "ISS App" */ = {
			isa = XCConfigurationList;
			buildConfigurations = (
				FBFA984C17229DE40055EADA /* Debug */,
				FBFA984D17229DE40055EADA /* Release */,
			);
			defaultConfigurationIsVisible = 0;
			defaultConfigurationName = Release;
		};
/* End XCConfigurationList section */
	};
	rootObject = FBFA982617229DE40055EADA /* Project object */;
}
